
Microsoft Visual Studio Solution File, Format Version 12.00
# Visual Studio Version 17
VisualStudioVersion = 17.0.31903.59
MinimumVisualStudioVersion = 10.0.40219.1
Project("{FAE04EC0-301F-11D3-BF4B-00C04F79EFBC}") = "FormulaTicketProcessing", "FormulaTicketProcessing\FormulaTicketProcessing.csproj", "{B75D8BC9-7FE8-4339-B986-7FC46FF2FD11}"
EndProject
Project("{FAE04EC0-301F-11D3-BF4B-00C04F79EFBC}") = "FormulaAirLine", "FormulaAirLine\FormulaAirLine.csproj", "{CDD17B65-E313-4DEA-A984-FEF116872BBF}"
EndProject
Global
	GlobalSection(SolutionConfigurationPlatforms) = preSolution
		Debug|Any CPU = Debug|Any CPU
		Release|Any CPU = Release|Any CPU
	EndGlobalSection
	GlobalSection(ProjectConfigurationPlatforms) = postSolution
		{B75D8BC9-7FE8-4339-B986-7FC46FF2FD11}.Debug|Any CPU.ActiveCfg = Debug|Any CPU
		{B75D8BC9-7FE8-4339-B986-7FC46FF2FD11}.Debug|Any CPU.Build.0 = Debug|Any CPU
		{B75D8BC9-7FE8-4339-B986-7FC46FF2FD11}.Release|Any CPU.ActiveCfg = Release|Any CPU
		{B75D8BC9-7FE8-4339-B986-7FC46FF2FD11}.Release|Any CPU.Build.0 = Release|Any CPU
		{CDD17B65-E313-4DEA-A984-FEF116872BBF}.Debug|Any CPU.ActiveCfg = Debug|Any CPU
		{CDD17B65-E313-4DEA-A984-FEF116872BBF}.Debug|Any CPU.Build.0 = Debug|Any CPU
		{CDD17B65-E313-4DEA-A984-FEF116872BBF}.Release|Any CPU.ActiveCfg = Release|Any CPU
		{CDD17B65-E313-4DEA-A984-FEF116872BBF}.Release|Any CPU.Build.0 = Release|Any CPU
	EndGlobalSection
	GlobalSection(SolutionProperties) = preSolution
		HideSolutionNode = FALSE
	EndGlobalSection
EndGlobal
